
Microsoft Visual Studio Solution File, Format Version 11.00
# Visual Studio 2010
Project("{FAE04EC0-301F-11D3-BF4B-00C04F79EFBC}") = "WSREST_Login", "WSREST_Login\WSREST_Login.csproj", "{59B8EC32-F760-47FA-B89D-CCB5627D42FC}"
EndProject
Project("{2150E333-8FDC-42A3-9474-1A3956D46DE8}") = "Solution Items", "Solution Items", "{93691827-A238-4C92-95FB-41F8255166A6}"
	ProjectSection(SolutionItems) = preProject
		Local.testsettings = Local.testsettings
		TraceAndTestImpact.testsettings = TraceAndTestImpact.testsettings
		WSREST_Login.vsmdi = WSREST_Login.vsmdi
	EndProjectSection
EndProject
Project("{FAE04EC0-301F-11D3-BF4B-00C04F79EFBC}") = "WSREST_Login_Test", "WSREST_Login_Test\WSREST_Login_Test.csproj", "{970A09F5-9DF7-449C-9081-3CFD960850F4}"
EndProject
Global
	GlobalSection(SubversionScc) = preSolution
		Svn-Managed = True
		Manager = AnkhSVN - Subversion Support for Visual Studio
	EndGlobalSection
	GlobalSection(TestCaseManagementSettings) = postSolution
		CategoryFile = WSREST_Login.vsmdi
	EndGlobalSection
	GlobalSection(SolutionConfigurationPlatforms) = preSolution
		Debug|Any CPU = Debug|Any CPU
		Release|Any CPU = Release|Any CPU
	EndGlobalSection
	GlobalSection(ProjectConfigurationPlatforms) = postSolution
		{59B8EC32-F760-47FA-B89D-CCB5627D42FC}.Debug|Any CPU.ActiveCfg = Debug|Any CPU
		{59B8EC32-F760-47FA-B89D-CCB5627D42FC}.Debug|Any CPU.Build.0 = Debug|Any CPU
		{59B8EC32-F760-47FA-B89D-CCB5627D42FC}.Release|Any CPU.ActiveCfg = Release|Any CPU
		{59B8EC32-F760-47FA-B89D-CCB5627D42FC}.Release|Any CPU.Build.0 = Release|Any CPU
		{970A09F5-9DF7-449C-9081-3CFD960850F4}.Debug|Any CPU.ActiveCfg = Debug|Any CPU
		{970A09F5-9DF7-449C-9081-3CFD960850F4}.Debug|Any CPU.Build.0 = Debug|Any CPU
		{970A09F5-9DF7-449C-9081-3CFD960850F4}.Release|Any CPU.ActiveCfg = Release|Any CPU
		{970A09F5-9DF7-449C-9081-3CFD960850F4}.Release|Any CPU.Build.0 = Release|Any CPU
	EndGlobalSection
	GlobalSection(SolutionProperties) = preSolution
		HideSolutionNode = FALSE
	EndGlobalSection
EndGlobal
